
Microsoft Visual Studio Solution File, Format Version 12.00
# Visual Studio Version 16
VisualStudioVersion = 16.0.31112.23
MinimumVisualStudioVersion = 10.0.40219.1
Project("{FAE04EC0-301F-11D3-BF4B-00C04F79EFBC}") = "QuanLyBangDiaCD", "QuanLyBangDiaCD\QuanLyBangDiaCD.csproj", "{3309CAE8-CD3C-4CD1-B22C-6D920211C8A4}"
EndProject
Global
	GlobalSection(SolutionConfigurationPlatforms) = preSolution
		Debug|Any CPU = Debug|Any CPU
		Release|Any CPU = Release|Any CPU
	EndGlobalSection
	GlobalSection(ProjectConfigurationPlatforms) = postSolution
		{3309CAE8-CD3C-4CD1-B22C-6D920211C8A4}.Debug|Any CPU.ActiveCfg = Debug|Any CPU
		{3309CAE8-CD3C-4CD1-B22C-6D920211C8A4}.Debug|Any CPU.Build.0 = Debug|Any CPU
		{3309CAE8-CD3C-4CD1-B22C-6D920211C8A4}.Release|Any CPU.ActiveCfg = Release|Any CPU
		{3309CAE8-CD3C-4CD1-B22C-6D920211C8A4}.Release|Any CPU.Build.0 = Release|Any CPU
	EndGlobalSection
	GlobalSection(SolutionProperties) = preSolution
		HideSolutionNode = FALSE
	EndGlobalSection
	GlobalSection(ExtensibilityGlobals) = postSolution
		SolutionGuid = {28FB7551-5B7F-45DD-B2CC-C6129B0C45B5}
	EndGlobalSection
EndGlobal
